
Microsoft Visual Studio Solution File, Format Version 12.00
# Visual Studio 15
VisualStudioVersion = 15.0.27428.2011
MinimumVisualStudioVersion = 10.0.40219.1
Project("{FAE04EC0-301F-11D3-BF4B-00C04F79EFBC}") = "WebApp", "WebApp\WebApp.csproj", "{5F47935E-2EEA-400A-86BE-EB7F9CD2ADFF}"
EndProject
Global
	GlobalSection(SolutionConfigurationPlatforms) = preSolution
		Debug|Any CPU = Debug|Any CPU
		Release|Any CPU = Release|Any CPU
	EndGlobalSection
	GlobalSection(ProjectConfigurationPlatforms) = postSolution
		{5F47935E-2EEA-400A-86BE-EB7F9CD2ADFF}.Debug|Any CPU.ActiveCfg = Debug|Any CPU
		{5F47935E-2EEA-400A-86BE-EB7F9CD2ADFF}.Debug|Any CPU.Build.0 = Debug|Any CPU
		{5F47935E-2EEA-400A-86BE-EB7F9CD2ADFF}.Release|Any CPU.ActiveCfg = Release|Any CPU
		{5F47935E-2EEA-400A-86BE-EB7F9CD2ADFF}.Release|Any CPU.Build.0 = Release|Any CPU
	EndGlobalSection
	GlobalSection(SolutionProperties) = preSolution
		HideSolutionNode = FALSE
	EndGlobalSection
	GlobalSection(ExtensibilityGlobals) = postSolution
		SolutionGuid = {16B5B9F2-D096-4CA2-BAC4-9ECF6DF0E9BF}
	EndGlobalSection
EndGlobal
